
Microsoft Visual Studio Solution File, Format Version 12.00
# Visual Studio Version 17
VisualStudioVersion = 17.5.002.0
MinimumVisualStudioVersion = 10.0.40219.1
Project("{9A19103F-16F7-4668-BE54-9A1E7A4F7556}") = "EFCorePeliculas", "EFCorePeliculas\EFCorePeliculas.csproj", "{78C26245-2A67-458D-A6BF-625519AC0E93}"
EndProject
Global
	GlobalSection(SolutionConfigurationPlatforms) = preSolution
		Debug|Any CPU = Debug|Any CPU
		Release|Any CPU = Release|Any CPU
	EndGlobalSection
	GlobalSection(ProjectConfigurationPlatforms) = postSolution
		{78C26245-2A67-458D-A6BF-625519AC0E93}.Debug|Any CPU.ActiveCfg = Debug|Any CPU
		{78C26245-2A67-458D-A6BF-625519AC0E93}.Debug|Any CPU.Build.0 = Debug|Any CPU
		{78C26245-2A67-458D-A6BF-625519AC0E93}.Release|Any CPU.ActiveCfg = Release|Any CPU
		{78C26245-2A67-458D-A6BF-625519AC0E93}.Release|Any CPU.Build.0 = Release|Any CPU
	EndGlobalSection
	GlobalSection(SolutionProperties) = preSolution
		HideSolutionNode = FALSE
	EndGlobalSection
	GlobalSection(ExtensibilityGlobals) = postSolution
		SolutionGuid = {B9C604E2-8EB0-4B15-8163-0F45569BD404}
	EndGlobalSection
EndGlobal
